// !$*UTF8*$!
{
	archiveVersion = 1;
	classes = {
	};
	objectVersion = 46;
	objects = {

/* Begin PBXBuildFile section */
		FF167A8E14FA9B5B00C9DA0B /* CLItemsViewController.m in Sources */ = {isa = PBXBuildFile; fileRef = FF167A8D14FA9B5B00C9DA0B /* CLItemsViewController.m */; };
		FF167A9114FAA11200C9DA0B /* CLDefines.m in Sources */ = {isa = PBXBuildFile; fileRef = FF167A9014FAA11200C9DA0B /* CLDefines.m */; };
		FF6C27BB1520E9FB0000371A /* CLModel.xcdatamodeld in Sources */ = {isa = PBXBuildFile; fileRef = FF6C27B91520E9FB0000371A /* CLModel.xcdatamodeld */; };
		FF6C27C41520F2FB0000371A /* CLOnboardingViewController.m in Sources */ = {isa = PBXBuildFile; fileRef = FF6C27C21520F2FB0000371A /* CLOnboardingViewController.m */; };
		FF7AF0FE1520E32900B04AAB /* Parse.framework in Frameworks */ = {isa = PBXBuildFile; fileRef = FF7AF0FD1520E32900B04AAB /* Parse.framework */; };
		FF7AF1061520E37600B04AAB /* AudioToolbox.framework in Frameworks */ = {isa = PBXBuildFile; fileRef = FF7AF1001520E37600B04AAB /* AudioToolbox.framework */; };
		FF7AF1071520E37600B04AAB /* CFNetwork.framework in Frameworks */ = {isa = PBXBuildFile; fileRef = FF7AF1011520E37600B04AAB /* CFNetwork.framework */; };
		FF7AF1081520E37600B04AAB /* libz.dylib in Frameworks */ = {isa = PBXBuildFile; fileRef = FF7AF1021520E37600B04AAB /* libz.dylib */; };
		FF7AF1091520E37600B04AAB /* QuartzCore.framework in Frameworks */ = {isa = PBXBuildFile; fileRef = FF7AF1031520E37600B04AAB /* QuartzCore.framework */; };
		FF7AF10A1520E37600B04AAB /* Security.framework in Frameworks */ = {isa = PBXBuildFile; fileRef = FF7AF1041520E37600B04AAB /* Security.framework */; };
		FF7AF10B1520E37600B04AAB /* SystemConfiguration.framework in Frameworks */ = {isa = PBXBuildFile; fileRef = FF7AF1051520E37600B04AAB /* SystemConfiguration.framework */; };
		FF7AF10D1520E38200B04AAB /* MobileCoreServices.framework in Frameworks */ = {isa = PBXBuildFile; fileRef = FF7AF10C1520E38200B04AAB /* MobileCoreServices.framework */; };
		FF97058914FA88B60083413C /* UIKit.framework in Frameworks */ = {isa = PBXBuildFile; fileRef = FF97058814FA88B60083413C /* UIKit.framework */; };
		FF97058B14FA88B60083413C /* Foundation.framework in Frameworks */ = {isa = PBXBuildFile; fileRef = FF97058A14FA88B60083413C /* Foundation.framework */; };
		FF97058D14FA88B60083413C /* CoreGraphics.framework in Frameworks */ = {isa = PBXBuildFile; fileRef = FF97058C14FA88B60083413C /* CoreGraphics.framework */; };
		FF97058F14FA88B60083413C /* CoreData.framework in Frameworks */ = {isa = PBXBuildFile; fileRef = FF97058E14FA88B60083413C /* CoreData.framework */; };
		FF97059714FA88B60083413C /* main.m in Sources */ = {isa = PBXBuildFile; fileRef = FF97059614FA88B60083413C /* main.m */; };
		FF97059B14FA88B60083413C /* CLAppDelegate.m in Sources */ = {isa = PBXBuildFile; fileRef = FF97059A14FA88B60083413C /* CLAppDelegate.m */; };
		FF9705A614FA88B70083413C /* SenTestingKit.framework in Frameworks */ = {isa = PBXBuildFile; fileRef = FF9705A514FA88B70083413C /* SenTestingKit.framework */; };
		FF9705A714FA88B70083413C /* UIKit.framework in Frameworks */ = {isa = PBXBuildFile; fileRef = FF97058814FA88B60083413C /* UIKit.framework */; };
		FF9705A814FA88B70083413C /* Foundation.framework in Frameworks */ = {isa = PBXBuildFile; fileRef = FF97058A14FA88B60083413C /* Foundation.framework */; };
		FF9705A914FA88B70083413C /* CoreData.framework in Frameworks */ = {isa = PBXBuildFile; fileRef = FF97058E14FA88B60083413C /* CoreData.framework */; };
		FF97FC4B14FA981900CBCFF1 /* CLStoryboard.storyboard in Resources */ = {isa = PBXBuildFile; fileRef = FF97FC4A14FA981900CBCFF1 /* CLStoryboard.storyboard */; };
		FFF856B3152B7373001B3E92 /* SenTestingKit.framework in Frameworks */ = {isa = PBXBuildFile; fileRef = FF9705A514FA88B70083413C /* SenTestingKit.framework */; };
		FFF8571E152B7665001B3E92 /* CLAppDelegate_iOS.m in Sources */ = {isa = PBXBuildFile; fileRef = FFF8571D152B7665001B3E92 /* CLAppDelegate_iOS.m */; };
		FFF85722152B77E5001B3E92 /* Cocoa.framework in Frameworks */ = {isa = PBXBuildFile; fileRef = FFF85721152B77E5001B3E92 /* Cocoa.framework */; };
		FFF85724152B788C001B3E92 /* CLAppDelegate_OSX.m in Sources */ = {isa = PBXBuildFile; fileRef = FFF856A8152B7372001B3E92 /* CLAppDelegate_OSX.m */; };
		FFF85726152B7896001B3E92 /* crt1.o in Frameworks */ = {isa = PBXBuildFile; fileRef = FFF85725152B7896001B3E92 /* crt1.o */; };
		FFF85727152B789F001B3E92 /* CLAppDelegate.m in Sources */ = {isa = PBXBuildFile; fileRef = FF97059A14FA88B60083413C /* CLAppDelegate.m */; };
		FFF85729152B7960001B3E92 /* main.m in Sources */ = {isa = PBXBuildFile; fileRef = FF97059614FA88B60083413C /* main.m */; };
		FFF8572D152B7A81001B3E92 /* InfoPlist.strings in Resources */ = {isa = PBXBuildFile; fileRef = FFF85730152B7A81001B3E92 /* InfoPlist.strings */; };
		FFF8572E152B7A81001B3E92 /* InfoPlist.strings in Resources */ = {isa = PBXBuildFile; fileRef = FFF85730152B7A81001B3E92 /* InfoPlist.strings */; };
		FFF85736152B7AEC001B3E92 /* Credits.rtf in Resources */ = {isa = PBXBuildFile; fileRef = FFF85733152B7AEC001B3E92 /* Credits.rtf */; };
		FFF85737152B7AEC001B3E92 /* MainMenu.xib in Resources */ = {isa = PBXBuildFile; fileRef = FFF85734152B7AEC001B3E92 /* MainMenu.xib */; };
		FFF85739152B7BC9001B3E92 /* CLModel.xcdatamodeld in Sources */ = {isa = PBXBuildFile; fileRef = FF6C27B91520E9FB0000371A /* CLModel.xcdatamodeld */; };
/* End PBXBuildFile section */

/* Begin PBXContainerItemProxy section */
		FF9705AA14FA88B70083413C /* PBXContainerItemProxy */ = {
			isa = PBXContainerItemProxy;
			containerPortal = FF97057B14FA88B60083413C /* Project object */;
			proxyType = 1;
			remoteGlobalIDString = FF97058314FA88B60083413C;
			remoteInfo = cloudy;
		};
		FFF856B5152B7373001B3E92 /* PBXContainerItemProxy */ = {
			isa = PBXContainerItemProxy;
			containerPortal = FF97057B14FA88B60083413C /* Project object */;
			proxyType = 1;
			remoteGlobalIDString = FFF85692152B7372001B3E92;
			remoteInfo = "cloudy-OSX";
		};
/* End PBXContainerItemProxy section */

/* Begin PBXFileReference section */
		FF167A8C14FA9B5B00C9DA0B /* CLItemsViewController.h */ = {isa = PBXFileReference; fileEncoding = 4; lastKnownFileType = sourcecode.c.h; name = CLItemsViewController.h; path = cloudy/CLItemsViewController.h; sourceTree = "<group>"; };
		FF167A8D14FA9B5B00C9DA0B /* CLItemsViewController.m */ = {isa = PBXFileReference; fileEncoding = 4; lastKnownFileType = sourcecode.c.objc; name = CLItemsViewController.m; path = cloudy/CLItemsViewController.m; sourceTree = "<group>"; };
		FF167A8F14FAA0D700C9DA0B /* CLDefines.h */ = {isa = PBXFileReference; fileEncoding = 4; lastKnownFileType = sourcecode.c.h; name = CLDefines.h; path = cloudy/CLDefines.h; sourceTree = "<group>"; };
		FF167A9014FAA11200C9DA0B /* CLDefines.m */ = {isa = PBXFileReference; fileEncoding = 4; lastKnownFileType = sourcecode.c.objc; name = CLDefines.m; path = cloudy/CLDefines.m; sourceTree = "<group>"; };
		FF6C27BA1520E9FB0000371A /* CLModel.xcdatamodel */ = {isa = PBXFileReference; lastKnownFileType = wrapper.xcdatamodel; path = CLModel.xcdatamodel; sourceTree = "<group>"; };
		FF6C27C11520F2FB0000371A /* CLOnboardingViewController.h */ = {isa = PBXFileReference; fileEncoding = 4; lastKnownFileType = sourcecode.c.h; name = CLOnboardingViewController.h; path = cloudy/CLOnboardingViewController.h; sourceTree = "<group>"; };
		FF6C27C21520F2FB0000371A /* CLOnboardingViewController.m */ = {isa = PBXFileReference; fileEncoding = 4; lastKnownFileType = sourcecode.c.objc; name = CLOnboardingViewController.m; path = cloudy/CLOnboardingViewController.m; sourceTree = "<group>"; };
		FF7AF0FD1520E32900B04AAB /* Parse.framework */ = {isa = PBXFileReference; lastKnownFileType = wrapper.framework; name = Parse.framework; path = externals/ParseSDK/Parse.framework; sourceTree = "<group>"; };
		FF7AF1001520E37600B04AAB /* AudioToolbox.framework */ = {isa = PBXFileReference; lastKnownFileType = wrapper.framework; name = AudioToolbox.framework; path = System/Library/Frameworks/AudioToolbox.framework; sourceTree = SDKROOT; };
		FF7AF1011520E37600B04AAB /* CFNetwork.framework */ = {isa = PBXFileReference; lastKnownFileType = wrapper.framework; name = CFNetwork.framework; path = System/Library/Frameworks/CFNetwork.framework; sourceTree = SDKROOT; };
		FF7AF1021520E37600B04AAB /* libz.dylib */ = {isa = PBXFileReference; lastKnownFileType = "compiled.mach-o.dylib"; name = libz.dylib; path = usr/lib/libz.dylib; sourceTree = SDKROOT; };
		FF7AF1031520E37600B04AAB /* QuartzCore.framework */ = {isa = PBXFileReference; lastKnownFileType = wrapper.framework; name = QuartzCore.framework; path = System/Library/Frameworks/QuartzCore.framework; sourceTree = SDKROOT; };
		FF7AF1041520E37600B04AAB /* Security.framework */ = {isa = PBXFileReference; lastKnownFileType = wrapper.framework; name = Security.framework; path = System/Library/Frameworks/Security.framework; sourceTree = SDKROOT; };
		FF7AF1051520E37600B04AAB /* SystemConfiguration.framework */ = {isa = PBXFileReference; lastKnownFileType = wrapper.framework; name = SystemConfiguration.framework; path = System/Library/Frameworks/SystemConfiguration.framework; sourceTree = SDKROOT; };
		FF7AF10C1520E38200B04AAB /* MobileCoreServices.framework */ = {isa = PBXFileReference; lastKnownFileType = wrapper.framework; name = MobileCoreServices.framework; path = System/Library/Frameworks/MobileCoreServices.framework; sourceTree = SDKROOT; };
		FF97058414FA88B60083413C /* cloudy-iOS.app */ = {isa = PBXFileReference; explicitFileType = wrapper.application; includeInIndex = 0; path = "cloudy-iOS.app"; sourceTree = BUILT_PRODUCTS_DIR; };
		FF97058814FA88B60083413C /* UIKit.framework */ = {isa = PBXFileReference; lastKnownFileType = wrapper.framework; name = UIKit.framework; path = System/Library/Frameworks/UIKit.framework; sourceTree = SDKROOT; };
		FF97058A14FA88B60083413C /* Foundation.framework */ = {isa = PBXFileReference; lastKnownFileType = wrapper.framework; name = Foundation.framework; path = System/Library/Frameworks/Foundation.framework; sourceTree = SDKROOT; };
		FF97058C14FA88B60083413C /* CoreGraphics.framework */ = {isa = PBXFileReference; lastKnownFileType = wrapper.framework; name = CoreGraphics.framework; path = System/Library/Frameworks/CoreGraphics.framework; sourceTree = SDKROOT; };
		FF97058E14FA88B60083413C /* CoreData.framework */ = {isa = PBXFileReference; lastKnownFileType = wrapper.framework; name = CoreData.framework; path = System/Library/Frameworks/CoreData.framework; sourceTree = SDKROOT; };
		FF97059614FA88B60083413C /* main.m */ = {isa = PBXFileReference; lastKnownFileType = sourcecode.c.objc; path = main.m; sourceTree = "<group>"; };
		FF97059814FA88B60083413C /* cloudy-iOS-Prefix.pch */ = {isa = PBXFileReference; lastKnownFileType = sourcecode.c.h; path = "cloudy-iOS-Prefix.pch"; sourceTree = "<group>"; };
		FF97059914FA88B60083413C /* CLAppDelegate.h */ = {isa = PBXFileReference; lastKnownFileType = sourcecode.c.h; name = CLAppDelegate.h; path = cloudy/CLAppDelegate.h; sourceTree = "<group>"; };
		FF97059A14FA88B60083413C /* CLAppDelegate.m */ = {isa = PBXFileReference; lastKnownFileType = sourcecode.c.objc; name = CLAppDelegate.m; path = cloudy/CLAppDelegate.m; sourceTree = "<group>"; };
		FF9705A414FA88B70083413C /* cloudyTests.octest */ = {isa = PBXFileReference; explicitFileType = wrapper.cfbundle; includeInIndex = 0; name = cloudyTests.octest; path = "cloudy-iOS-tests.octest"; sourceTree = BUILT_PRODUCTS_DIR; };
		FF9705A514FA88B70083413C /* SenTestingKit.framework */ = {isa = PBXFileReference; lastKnownFileType = wrapper.framework; name = SenTestingKit.framework; path = Library/Frameworks/SenTestingKit.framework; sourceTree = DEVELOPER_DIR; };
		FF9705C214FA89C80083413C /* cloudy-iOS.entitlements */ = {isa = PBXFileReference; lastKnownFileType = text.xml; name = "cloudy-iOS.entitlements"; path = "cloudy/cloudy-iOS.entitlements"; sourceTree = SOURCE_ROOT; };
		FF97FC4A14FA981900CBCFF1 /* CLStoryboard.storyboard */ = {isa = PBXFileReference; fileEncoding = 4; lastKnownFileType = file.storyboard; name = CLStoryboard.storyboard; path = cloudy/CLStoryboard.storyboard; sourceTree = "<group>"; };
		FFF8568D152B72C2001B3E92 /* cloudy-iOS-Info.plist */ = {isa = PBXFileReference; fileEncoding = 4; lastKnownFileType = text.plist.xml; path = "cloudy-iOS-Info.plist"; sourceTree = "<group>"; };
		FFF85693152B7372001B3E92 /* cloudy-OSX.app */ = {isa = PBXFileReference; explicitFileType = wrapper.application; includeInIndex = 0; path = "cloudy-OSX.app"; sourceTree = BUILT_PRODUCTS_DIR; };
		FFF856A7152B7372001B3E92 /* CLAppDelegate_OSX.h */ = {isa = PBXFileReference; lastKnownFileType = sourcecode.c.h; name = CLAppDelegate_OSX.h; path = cloudy/CLAppDelegate_OSX.h; sourceTree = "<group>"; };
		FFF856A8152B7372001B3E92 /* CLAppDelegate_OSX.m */ = {isa = PBXFileReference; lastKnownFileType = sourcecode.c.objc; name = CLAppDelegate_OSX.m; path = cloudy/CLAppDelegate_OSX.m; sourceTree = "<group>"; };
		FFF856B2152B7373001B3E92 /* cloudy-OSXTests.octest */ = {isa = PBXFileReference; explicitFileType = wrapper.cfbundle; includeInIndex = 0; path = "cloudy-OSXTests.octest"; sourceTree = BUILT_PRODUCTS_DIR; };
		FFF8571C152B7665001B3E92 /* CLAppDelegate_iOS.h */ = {isa = PBXFileReference; fileEncoding = 4; lastKnownFileType = sourcecode.c.h; name = CLAppDelegate_iOS.h; path = cloudy/CLAppDelegate_iOS.h; sourceTree = "<group>"; };
		FFF8571D152B7665001B3E92 /* CLAppDelegate_iOS.m */ = {isa = PBXFileReference; fileEncoding = 4; lastKnownFileType = sourcecode.c.objc; name = CLAppDelegate_iOS.m; path = cloudy/CLAppDelegate_iOS.m; sourceTree = "<group>"; };
		FFF85721152B77E5001B3E92 /* Cocoa.framework */ = {isa = PBXFileReference; lastKnownFileType = wrapper.framework; name = Cocoa.framework; path = Platforms/MacOSX.platform/Developer/SDKs/MacOSX10.8.sdk/System/Library/Frameworks/Cocoa.framework; sourceTree = DEVELOPER_DIR; };
		FFF85725152B7896001B3E92 /* crt1.o */ = {isa = PBXFileReference; lastKnownFileType = "compiled.mach-o.objfile"; name = crt1.o; path = Platforms/MacOSX.platform/Developer/SDKs/MacOSX10.8.sdk/usr/lib/crt1.o; sourceTree = DEVELOPER_DIR; };
		FFF8572F152B7A81001B3E92 /* en */ = {isa = PBXFileReference; lastKnownFileType = text.plist.strings; name = en; path = en.lproj/InfoPlist.strings; sourceTree = "<group>"; };
		FFF85731152B7AEC001B3E92 /* cloudy-OSX-Info.plist */ = {isa = PBXFileReference; fileEncoding = 4; lastKnownFileType = text.plist.xml; path = "cloudy-OSX-Info.plist"; sourceTree = "<group>"; };
		FFF85732152B7AEC001B3E92 /* cloudy-OSX-Prefix.pch */ = {isa = PBXFileReference; fileEncoding = 4; lastKnownFileType = sourcecode.c.h; path = "cloudy-OSX-Prefix.pch"; sourceTree = "<group>"; };
		FFF85733152B7AEC001B3E92 /* Credits.rtf */ = {isa = PBXFileReference; fileEncoding = 4; lastKnownFileType = text.rtf; name = Credits.rtf; path = cloudy/Credits.rtf; sourceTree = "<group>"; };
		FFF85734152B7AEC001B3E92 /* MainMenu.xib */ = {isa = PBXFileReference; fileEncoding = 4; lastKnownFileType = file.xib; name = MainMenu.xib; path = cloudy/MainMenu.xib; sourceTree = "<group>"; };
/* End PBXFileReference section */

/* Begin PBXFrameworksBuildPhase section */
		FF97058114FA88B60083413C /* Frameworks */ = {
			isa = PBXFrameworksBuildPhase;
			buildActionMask = 2147483647;
			files = (
				FF7AF10D1520E38200B04AAB /* MobileCoreServices.framework in Frameworks */,
				FF7AF1061520E37600B04AAB /* AudioToolbox.framework in Frameworks */,
				FF7AF1071520E37600B04AAB /* CFNetwork.framework in Frameworks */,
				FF7AF1081520E37600B04AAB /* libz.dylib in Frameworks */,
				FF7AF1091520E37600B04AAB /* QuartzCore.framework in Frameworks */,
				FF7AF10A1520E37600B04AAB /* Security.framework in Frameworks */,
				FF7AF10B1520E37600B04AAB /* SystemConfiguration.framework in Frameworks */,
				FF97058D14FA88B60083413C /* CoreGraphics.framework in Frameworks */,
				FF97058914FA88B60083413C /* UIKit.framework in Frameworks */,
				FF97058B14FA88B60083413C /* Foundation.framework in Frameworks */,
				FF97058F14FA88B60083413C /* CoreData.framework in Frameworks */,
				FF7AF0FE1520E32900B04AAB /* Parse.framework in Frameworks */,
			);
			runOnlyForDeploymentPostprocessing = 0;
		};
		FF9705A014FA88B70083413C /* Frameworks */ = {
			isa = PBXFrameworksBuildPhase;
			buildActionMask = 2147483647;
			files = (
				FF9705A614FA88B70083413C /* SenTestingKit.framework in Frameworks */,
				FF9705A714FA88B70083413C /* UIKit.framework in Frameworks */,
				FF9705A814FA88B70083413C /* Foundation.framework in Frameworks */,
				FF9705A914FA88B70083413C /* CoreData.framework in Frameworks */,
			);
			runOnlyForDeploymentPostprocessing = 0;
		};
		FFF85690152B7372001B3E92 /* Frameworks */ = {
			isa = PBXFrameworksBuildPhase;
			buildActionMask = 2147483647;
			files = (
				FFF85726152B7896001B3E92 /* crt1.o in Frameworks */,
				FFF85722152B77E5001B3E92 /* Cocoa.framework in Frameworks */,
			);
			runOnlyForDeploymentPostprocessing = 0;
		};
		FFF856AE152B7373001B3E92 /* Frameworks */ = {
			isa = PBXFrameworksBuildPhase;
			buildActionMask = 2147483647;
			files = (
				FFF856B3152B7373001B3E92 /* SenTestingKit.framework in Frameworks */,
			);
			runOnlyForDeploymentPostprocessing = 0;
		};
/* End PBXFrameworksBuildPhase section */

/* Begin PBXGroup section */
		FF97057914FA88B60083413C = {
			isa = PBXGroup;
			children = (
				FF167A8F14FAA0D700C9DA0B /* CLDefines.h */,
				FF167A9014FAA11200C9DA0B /* CLDefines.m */,
				FF97059114FA88B60083413C /* Environment */,
				FF97059914FA88B60083413C /* CLAppDelegate.h */,
				FF97059A14FA88B60083413C /* CLAppDelegate.m */,
				FFF8571C152B7665001B3E92 /* CLAppDelegate_iOS.h */,
				FFF8571D152B7665001B3E92 /* CLAppDelegate_iOS.m */,
				FFF856A7152B7372001B3E92 /* CLAppDelegate_OSX.h */,
				FFF856A8152B7372001B3E92 /* CLAppDelegate_OSX.m */,
				FF6C27C11520F2FB0000371A /* CLOnboardingViewController.h */,
				FF6C27C21520F2FB0000371A /* CLOnboardingViewController.m */,
				FF167A8C14FA9B5B00C9DA0B /* CLItemsViewController.h */,
				FF167A8D14FA9B5B00C9DA0B /* CLItemsViewController.m */,
				FF97FC4A14FA981900CBCFF1 /* CLStoryboard.storyboard */,
				FF6C27B91520E9FB0000371A /* CLModel.xcdatamodeld */,
				FFF85738152B7B34001B3E92 /* Resources */,
				FF97058714FA88B60083413C /* iOS Frameworks */,
				FFF85697152B7372001B3E92 /* OSX Frameworks */,
				FF97058514FA88B60083413C /* Products */,
			);
			sourceTree = "<group>";
		};
		FF97058514FA88B60083413C /* Products */ = {
			isa = PBXGroup;
			children = (
				FF97058414FA88B60083413C /* cloudy-iOS.app */,
				FF9705A414FA88B70083413C /* cloudyTests.octest */,
				FFF85693152B7372001B3E92 /* cloudy-OSX.app */,
				FFF856B2152B7373001B3E92 /* cloudy-OSXTests.octest */,
			);
			name = Products;
			sourceTree = "<group>";
		};
		FF97058714FA88B60083413C /* iOS Frameworks */ = {
			isa = PBXGroup;
			children = (
				FF7AF1021520E37600B04AAB /* libz.dylib */,
				FF7AF1001520E37600B04AAB /* AudioToolbox.framework */,
				FF7AF1011520E37600B04AAB /* CFNetwork.framework */,
				FF97058E14FA88B60083413C /* CoreData.framework */,
				FF97058C14FA88B60083413C /* CoreGraphics.framework */,
				FF97058A14FA88B60083413C /* Foundation.framework */,
				FF7AF10C1520E38200B04AAB /* MobileCoreServices.framework */,
				FF7AF0FD1520E32900B04AAB /* Parse.framework */,
				FF7AF1031520E37600B04AAB /* QuartzCore.framework */,
				FF7AF1041520E37600B04AAB /* Security.framework */,
				FF9705A514FA88B70083413C /* SenTestingKit.framework */,
				FF7AF1051520E37600B04AAB /* SystemConfiguration.framework */,
				FF97058814FA88B60083413C /* UIKit.framework */,
			);
			name = "iOS Frameworks";
			sourceTree = "<group>";
		};
		FF97059114FA88B60083413C /* Environment */ = {
			isa = PBXGroup;
			children = (
				FF97059614FA88B60083413C /* main.m */,
				FF9705C214FA89C80083413C /* cloudy-iOS.entitlements */,
				FF97059814FA88B60083413C /* cloudy-iOS-Prefix.pch */,
				FFF85732152B7AEC001B3E92 /* cloudy-OSX-Prefix.pch */,
				FFF8568D152B72C2001B3E92 /* cloudy-iOS-Info.plist */,
				FFF85731152B7AEC001B3E92 /* cloudy-OSX-Info.plist */,
				FFF85730152B7A81001B3E92 /* InfoPlist.strings */,
			);
			name = Environment;
			path = cloudy;
			sourceTree = "<group>";
		};
		FFF85697152B7372001B3E92 /* OSX Frameworks */ = {
			isa = PBXGroup;
			children = (
				FFF85721152B77E5001B3E92 /* Cocoa.framework */,
				FFF85725152B7896001B3E92 /* crt1.o */,
			);
			name = "OSX Frameworks";
			sourceTree = "<group>";
		};
		FFF85738152B7B34001B3E92 /* Resources */ = {
			isa = PBXGroup;
			children = (
				FFF85733152B7AEC001B3E92 /* Credits.rtf */,
				FFF85734152B7AEC001B3E92 /* MainMenu.xib */,
			);
			name = Resources;
			sourceTree = "<group>";
		};
/* End PBXGroup section */

/* Begin PBXNativeTarget section */
		FF97058314FA88B60083413C /* cloudy-iOS */ = {
			isa = PBXNativeTarget;
			buildConfigurationList = FF9705B714FA88B70083413C /* Build configuration list for PBXNativeTarget "cloudy-iOS" */;
			buildPhases = (
				FF97058014FA88B60083413C /* Sources */,
				FF97058114FA88B60083413C /* Frameworks */,
				FF97058214FA88B60083413C /* Resources */,
			);
			buildRules = (
			);
			dependencies = (
			);
			name = "cloudy-iOS";
			productName = cloudy;
			productReference = FF97058414FA88B60083413C /* cloudy-iOS.app */;
			productType = "com.apple.product-type.application";
		};
		FF9705A314FA88B70083413C /* cloudy-iOS-Tests */ = {
			isa = PBXNativeTarget;
			buildConfigurationList = FF9705BA14FA88B70083413C /* Build configuration list for PBXNativeTarget "cloudy-iOS-Tests" */;
			buildPhases = (
				FF97059F14FA88B70083413C /* Sources */,
				FF9705A014FA88B70083413C /* Frameworks */,
				FF9705A114FA88B70083413C /* Resources */,
				FF9705A214FA88B70083413C /* ShellScript */,
			);
			buildRules = (
			);
			dependencies = (
				FF9705AB14FA88B70083413C /* PBXTargetDependency */,
			);
			name = "cloudy-iOS-Tests";
			productName = cloudyTests;
			productReference = FF9705A414FA88B70083413C /* cloudyTests.octest */;
			productType = "com.apple.product-type.bundle";
		};
		FFF85692152B7372001B3E92 /* cloudy-OSX */ = {
			isa = PBXNativeTarget;
			buildConfigurationList = FFF856C0152B7373001B3E92 /* Build configuration list for PBXNativeTarget "cloudy-OSX" */;
			buildPhases = (
				FFF8568F152B7372001B3E92 /* Sources */,
				FFF85690152B7372001B3E92 /* Frameworks */,
				FFF85691152B7372001B3E92 /* Resources */,
			);
			buildRules = (
			);
			dependencies = (
			);
			name = "cloudy-OSX";
			productName = "cloudy-OSX";
			productReference = FFF85693152B7372001B3E92 /* cloudy-OSX.app */;
			productType = "com.apple.product-type.application";
		};
		FFF856B1152B7373001B3E92 /* cloudy-OSX-Tests */ = {
			isa = PBXNativeTarget;
			buildConfigurationList = FFF856C3152B7373001B3E92 /* Build configuration list for PBXNativeTarget "cloudy-OSX-Tests" */;
			buildPhases = (
				FFF856AD152B7373001B3E92 /* Sources */,
				FFF856AE152B7373001B3E92 /* Frameworks */,
				FFF856AF152B7373001B3E92 /* Resources */,
				FFF856B0152B7373001B3E92 /* ShellScript */,
			);
			buildRules = (
			);
			dependencies = (
				FFF856B6152B7373001B3E92 /* PBXTargetDependency */,
			);
			name = "cloudy-OSX-Tests";
			productName = "cloudy-OSXTests";
			productReference = FFF856B2152B7373001B3E92 /* cloudy-OSXTests.octest */;
			productType = "com.apple.product-type.bundle";
		};
/* End PBXNativeTarget section */

/* Begin PBXProject section */
		FF97057B14FA88B60083413C /* Project object */ = {
			isa = PBXProject;
			attributes = {
				CLASSPREFIX = CL;
			};
			buildConfigurationList = FF97057E14FA88B60083413C /* Build configuration list for PBXProject "cloudy" */;
			compatibilityVersion = "Xcode 3.2";
			developmentRegion = English;
			hasScannedForEncodings = 0;
			knownRegions = (
				en,
			);
			mainGroup = FF97057914FA88B60083413C;
			productRefGroup = FF97058514FA88B60083413C /* Products */;
			projectDirPath = "";
			projectRoot = "";
			targets = (
				FF97058314FA88B60083413C /* cloudy-iOS */,
				FF9705A314FA88B70083413C /* cloudy-iOS-Tests */,
				FFF85692152B7372001B3E92 /* cloudy-OSX */,
				FFF856B1152B7373001B3E92 /* cloudy-OSX-Tests */,
			);
		};
/* End PBXProject section */

/* Begin PBXResourcesBuildPhase section */
		FF97058214FA88B60083413C /* Resources */ = {
			isa = PBXResourcesBuildPhase;
			buildActionMask = 2147483647;
			files = (
				FF97FC4B14FA981900CBCFF1 /* CLStoryboard.storyboard in Resources */,
				FFF8572D152B7A81001B3E92 /* InfoPlist.strings in Resources */,
			);
			runOnlyForDeploymentPostprocessing = 0;
		};
		FF9705A114FA88B70083413C /* Resources */ = {
			isa = PBXResourcesBuildPhase;
			buildActionMask = 2147483647;
			files = (
			);
			runOnlyForDeploymentPostprocessing = 0;
		};
		FFF85691152B7372001B3E92 /* Resources */ = {
			isa = PBXResourcesBuildPhase;
			buildActionMask = 2147483647;
			files = (
				FFF8572E152B7A81001B3E92 /* InfoPlist.strings in Resources */,
				FFF85736152B7AEC001B3E92 /* Credits.rtf in Resources */,
				FFF85737152B7AEC001B3E92 /* MainMenu.xib in Resources */,
			);
			runOnlyForDeploymentPostprocessing = 0;
		};
		FFF856AF152B7373001B3E92 /* Resources */ = {
			isa = PBXResourcesBuildPhase;
			buildActionMask = 2147483647;
			files = (
			);
			runOnlyForDeploymentPostprocessing = 0;
		};
/* End PBXResourcesBuildPhase section */

/* Begin PBXShellScriptBuildPhase section */
		FF9705A214FA88B70083413C /* ShellScript */ = {
			isa = PBXShellScriptBuildPhase;
			buildActionMask = 2147483647;
			files = (
			);
			inputPaths = (
			);
			outputPaths = (
			);
			runOnlyForDeploymentPostprocessing = 0;
			shellPath = /bin/sh;
			shellScript = "# Run the unit tests in this test bundle.\n\"${SYSTEM_DEVELOPER_DIR}/Tools/RunUnitTests\"\n";
		};
		FFF856B0152B7373001B3E92 /* ShellScript */ = {
			isa = PBXShellScriptBuildPhase;
			buildActionMask = 2147483647;
			files = (
			);
			inputPaths = (
			);
			outputPaths = (
			);
			runOnlyForDeploymentPostprocessing = 0;
			shellPath = /bin/sh;
			shellScript = "# Run the unit tests in this test bundle.\n\"${SYSTEM_DEVELOPER_DIR}/Tools/RunUnitTests\"\n";
		};
/* End PBXShellScriptBuildPhase section */

/* Begin PBXSourcesBuildPhase section */
		FF97058014FA88B60083413C /* Sources */ = {
			isa = PBXSourcesBuildPhase;
			buildActionMask = 2147483647;
			files = (
				FF97059714FA88B60083413C /* main.m in Sources */,
				FF97059B14FA88B60083413C /* CLAppDelegate.m in Sources */,
				FF167A8E14FA9B5B00C9DA0B /* CLItemsViewController.m in Sources */,
				FF167A9114FAA11200C9DA0B /* CLDefines.m in Sources */,
				FF6C27BB1520E9FB0000371A /* CLModel.xcdatamodeld in Sources */,
				FF6C27C41520F2FB0000371A /* CLOnboardingViewController.m in Sources */,
				FFF8571E152B7665001B3E92 /* CLAppDelegate_iOS.m in Sources */,
			);
			runOnlyForDeploymentPostprocessing = 0;
		};
		FF97059F14FA88B70083413C /* Sources */ = {
			isa = PBXSourcesBuildPhase;
			buildActionMask = 2147483647;
			files = (
			);
			runOnlyForDeploymentPostprocessing = 0;
		};
		FFF8568F152B7372001B3E92 /* Sources */ = {
			isa = PBXSourcesBuildPhase;
			buildActionMask = 2147483647;
			files = (
				FFF85727152B789F001B3E92 /* CLAppDelegate.m in Sources */,
				FFF85724152B788C001B3E92 /* CLAppDelegate_OSX.m in Sources */,
				FFF85729152B7960001B3E92 /* main.m in Sources */,
				FFF85739152B7BC9001B3E92 /* CLModel.xcdatamodeld in Sources */,
			);
			runOnlyForDeploymentPostprocessing = 0;
		};
		FFF856AD152B7373001B3E92 /* Sources */ = {
			isa = PBXSourcesBuildPhase;
			buildActionMask = 2147483647;
			files = (
			);
			runOnlyForDeploymentPostprocessing = 0;
		};
/* End PBXSourcesBuildPhase section */

/* Begin PBXTargetDependency section */
		FF9705AB14FA88B70083413C /* PBXTargetDependency */ = {
			isa = PBXTargetDependency;
			target = FF97058314FA88B60083413C /* cloudy-iOS */;
			targetProxy = FF9705AA14FA88B70083413C /* PBXContainerItemProxy */;
		};
		FFF856B6152B7373001B3E92 /* PBXTargetDependency */ = {
			isa = PBXTargetDependency;
			target = FFF85692152B7372001B3E92 /* cloudy-OSX */;
			targetProxy = FFF856B5152B7373001B3E92 /* PBXContainerItemProxy */;
		};
/* End PBXTargetDependency section */

/* Begin PBXVariantGroup section */
		FFF85730152B7A81001B3E92 /* InfoPlist.strings */ = {
			isa = PBXVariantGroup;
			children = (
				FFF8572F152B7A81001B3E92 /* en */,
			);
			name = InfoPlist.strings;
			sourceTree = "<group>";
		};
/* End PBXVariantGroup section */

/* Begin XCBuildConfiguration section */
		FF9705B514FA88B70083413C /* Debug */ = {
			isa = XCBuildConfiguration;
			buildSettings = {
				ALWAYS_SEARCH_USER_PATHS = NO;
				ARCHS = "$(ARCHS_STANDARD_32_BIT)";
				CLANG_ENABLE_OBJC_ARC = YES;
				"CODE_SIGN_IDENTITY[sdk=iphoneos*]" = "iPhone Developer";
				"CODE_SIGN_IDENTITY[sdk=macosx*]" = "Mac Developer: Evadne Wu (3JKY47N3VU)";
				COPY_PHASE_STRIP = NO;
				GCC_C_LANGUAGE_STANDARD = gnu99;
				GCC_DYNAMIC_NO_PIC = NO;
				GCC_OPTIMIZATION_LEVEL = 0;
				GCC_PREPROCESSOR_DEFINITIONS = (
					"DEBUG=1",
					"$(inherited)",
				);
				GCC_SYMBOLS_PRIVATE_EXTERN = NO;
				GCC_VERSION = com.apple.compilers.llvm.clang.1_0;
				GCC_WARN_ABOUT_RETURN_TYPE = YES;
				GCC_WARN_UNINITIALIZED_AUTOS = YES;
				GCC_WARN_UNUSED_VARIABLE = YES;
				IPHONEOS_DEPLOYMENT_TARGET = 5.1;
				"PROVISIONING_PROFILE[sdk=macosx*]" = "D5CA38BC-39BD-4E36-8515-A677597AD97C";
				SDKROOT = iphoneos;
			};
			name = Debug;
		};
		FF9705B614FA88B70083413C /* Release */ = {
			isa = XCBuildConfiguration;
			buildSettings = {
				ALWAYS_SEARCH_USER_PATHS = NO;
				ARCHS = "$(ARCHS_STANDARD_32_BIT)";
				CLANG_ENABLE_OBJC_ARC = YES;
				"CODE_SIGN_IDENTITY[sdk=iphoneos*]" = "iPhone Developer";
				"CODE_SIGN_IDENTITY[sdk=macosx*]" = "Mac Developer: Evadne Wu (3JKY47N3VU)";
				COPY_PHASE_STRIP = YES;
				GCC_C_LANGUAGE_STANDARD = gnu99;
				GCC_VERSION = com.apple.compilers.llvm.clang.1_0;
				GCC_WARN_ABOUT_RETURN_TYPE = YES;
				GCC_WARN_UNINITIALIZED_AUTOS = YES;
				GCC_WARN_UNUSED_VARIABLE = YES;
				IPHONEOS_DEPLOYMENT_TARGET = 5.1;
				OTHER_CFLAGS = "-DNS_BLOCK_ASSERTIONS=1";
				"PROVISIONING_PROFILE[sdk=macosx*]" = "D5CA38BC-39BD-4E36-8515-A677597AD97C";
				SDKROOT = iphoneos;
				VALIDATE_PRODUCT = YES;
			};
			name = Release;
		};
		FF9705B814FA88B70083413C /* Debug */ = {
			isa = XCBuildConfiguration;
			buildSettings = {
				CODE_SIGN_ENTITLEMENTS = "cloudy-iOS.entitlements";
				FRAMEWORK_SEARCH_PATHS = (
					"$(inherited)",
					"\"$(SRCROOT)/externals/ParseSDK\"",
				);
				GCC_PRECOMPILE_PREFIX_HEADER = YES;
				GCC_PREFIX_HEADER = "cloudy/cloudy-iOS-Prefix.pch";
				INFOPLIST_FILE = "cloudy/cloudy-iOS-Info.plist";
				PRODUCT_NAME = "$(TARGET_NAME)";
				WRAPPER_EXTENSION = app;
			};
			name = Debug;
		};
		FF9705B914FA88B70083413C /* Release */ = {
			isa = XCBuildConfiguration;
			buildSettings = {
				CODE_SIGN_ENTITLEMENTS = "cloudy-iOS.entitlements";
				FRAMEWORK_SEARCH_PATHS = (
					"$(inherited)",
					"\"$(SRCROOT)/externals/ParseSDK\"",
				);
				GCC_PRECOMPILE_PREFIX_HEADER = YES;
				GCC_PREFIX_HEADER = "cloudy/cloudy-iOS-Prefix.pch";
				INFOPLIST_FILE = "cloudy/cloudy-iOS-Info.plist";
				PRODUCT_NAME = "$(TARGET_NAME)";
				WRAPPER_EXTENSION = app;
			};
			name = Release;
		};
		FF9705BB14FA88B70083413C /* Debug */ = {
			isa = XCBuildConfiguration;
			buildSettings = {
				BUNDLE_LOADER = "$(BUILT_PRODUCTS_DIR)/cloudy.app/cloudy";
				FRAMEWORK_SEARCH_PATHS = (
					"$(SDKROOT)/Developer/Library/Frameworks",
					"$(DEVELOPER_LIBRARY_DIR)/Frameworks",
				);
				GCC_PRECOMPILE_PREFIX_HEADER = YES;
				GCC_PREFIX_HEADER = "cloudy/cloudy-Prefix.pch";
				INFOPLIST_FILE = "cloudyTests/cloudyTests-Info.plist";
				PRODUCT_NAME = "$(TARGET_NAME)";
				TEST_HOST = "$(BUNDLE_LOADER)";
				WRAPPER_EXTENSION = octest;
			};
			name = Debug;
		};
		FF9705BC14FA88B70083413C /* Release */ = {
			isa = XCBuildConfiguration;
			buildSettings = {
				BUNDLE_LOADER = "$(BUILT_PRODUCTS_DIR)/cloudy.app/cloudy";
				FRAMEWORK_SEARCH_PATHS = (
					"$(SDKROOT)/Developer/Library/Frameworks",
					"$(DEVELOPER_LIBRARY_DIR)/Frameworks",
				);
				GCC_PRECOMPILE_PREFIX_HEADER = YES;
				GCC_PREFIX_HEADER = "cloudy/cloudy-Prefix.pch";
				INFOPLIST_FILE = "cloudyTests/cloudyTests-Info.plist";
				PRODUCT_NAME = "$(TARGET_NAME)";
				TEST_HOST = "$(BUNDLE_LOADER)";
				WRAPPER_EXTENSION = octest;
			};
			name = Release;
		};
		FFF856C1152B7373001B3E92 /* Debug */ = {
			isa = XCBuildConfiguration;
			buildSettings = {
				ARCHS = "$(ARCHS_STANDARD_64_BIT)";
				CLANG_WARN__DUPLICATE_METHOD_MATCH = YES;
				FRAMEWORK_SEARCH_PATHS = (
					"$(inherited)",
					"\"$(SYSTEM_APPS_DIR)/Xcode.app/Contents/Developer/Library/Frameworks\"",
				);
				GCC_ENABLE_OBJC_EXCEPTIONS = YES;
				GCC_PRECOMPILE_PREFIX_HEADER = YES;
				GCC_PREFIX_HEADER = "cloudy/cloudy-OSX-Prefix.pch";
				GCC_WARN_64_TO_32_BIT_CONVERSION = YES;
				INFOPLIST_FILE = "cloudy/cloudy-OSX-Info.plist";
				MACOSX_DEPLOYMENT_TARGET = 10.8;
				ONLY_ACTIVE_ARCH = YES;
				PRODUCT_NAME = "$(TARGET_NAME)";
				SDKROOT = macosx;
				WRAPPER_EXTENSION = app;
			};
			name = Debug;
		};
		FFF856C2152B7373001B3E92 /* Release */ = {
			isa = XCBuildConfiguration;
			buildSettings = {
				ARCHS = "$(ARCHS_STANDARD_64_BIT)";
				CLANG_WARN__DUPLICATE_METHOD_MATCH = YES;
				DEBUG_INFORMATION_FORMAT = "dwarf-with-dsym";
				FRAMEWORK_SEARCH_PATHS = (
					"$(inherited)",
					"\"$(SYSTEM_APPS_DIR)/Xcode.app/Contents/Developer/Library/Frameworks\"",
				);
				GCC_ENABLE_OBJC_EXCEPTIONS = YES;
				GCC_PRECOMPILE_PREFIX_HEADER = YES;
				GCC_PREFIX_HEADER = "cloudy/cloudy-OSX-Prefix.pch";
				GCC_WARN_64_TO_32_BIT_CONVERSION = YES;
				INFOPLIST_FILE = "cloudy/cloudy-OSX-Info.plist";
				MACOSX_DEPLOYMENT_TARGET = 10.8;
				PRODUCT_NAME = "$(TARGET_NAME)";
				SDKROOT = macosx;
				WRAPPER_EXTENSION = app;
			};
			name = Release;
		};
		FFF856C4152B7373001B3E92 /* Debug */ = {
			isa = XCBuildConfiguration;
			buildSettings = {
				ARCHS = "$(ARCHS_STANDARD_64_BIT)";
				BUNDLE_LOADER = "$(BUILT_PRODUCTS_DIR)/cloudy-OSX.app/Contents/MacOS/cloudy-OSX";
				CLANG_WARN__DUPLICATE_METHOD_MATCH = YES;
				FRAMEWORK_SEARCH_PATHS = "$(DEVELOPER_LIBRARY_DIR)/Frameworks";
				GCC_ENABLE_OBJC_EXCEPTIONS = YES;
				GCC_PRECOMPILE_PREFIX_HEADER = YES;
				GCC_PREFIX_HEADER = "cloudy-OSX/cloudy-OSX-Prefix.pch";
				GCC_WARN_64_TO_32_BIT_CONVERSION = YES;
				INFOPLIST_FILE = "cloudy-OSXTests/cloudy-OSXTests-Info.plist";
				MACOSX_DEPLOYMENT_TARGET = 10.8;
				ONLY_ACTIVE_ARCH = YES;
				PRODUCT_NAME = "$(TARGET_NAME)";
				SDKROOT = macosx;
				TEST_HOST = "$(BUNDLE_LOADER)";
				WRAPPER_EXTENSION = octest;
			};
			name = Debug;
		};
		FFF856C5152B7373001B3E92 /* Release */ = {
			isa = XCBuildConfiguration;
			buildSettings = {
				ARCHS = "$(ARCHS_STANDARD_64_BIT)";
				BUNDLE_LOADER = "$(BUILT_PRODUCTS_DIR)/cloudy-OSX.app/Contents/MacOS/cloudy-OSX";
				CLANG_WARN__DUPLICATE_METHOD_MATCH = YES;
				DEBUG_INFORMATION_FORMAT = "dwarf-with-dsym";
				FRAMEWORK_SEARCH_PATHS = "$(DEVELOPER_LIBRARY_DIR)/Frameworks";
				GCC_ENABLE_OBJC_EXCEPTIONS = YES;
				GCC_PRECOMPILE_PREFIX_HEADER = YES;
				GCC_PREFIX_HEADER = "cloudy-OSX/cloudy-OSX-Prefix.pch";
				GCC_WARN_64_TO_32_BIT_CONVERSION = YES;
				INFOPLIST_FILE = "cloudy-OSXTests/cloudy-OSXTests-Info.plist";
				MACOSX_DEPLOYMENT_TARGET = 10.8;
				PRODUCT_NAME = "$(TARGET_NAME)";
				SDKROOT = macosx;
				TEST_HOST = "$(BUNDLE_LOADER)";
				WRAPPER_EXTENSION = octest;
			};
			name = Release;
		};
/* End XCBuildConfiguration section */

/* Begin XCConfigurationList section */
		FF97057E14FA88B60083413C /* Build configuration list for PBXProject "cloudy" */ = {
			isa = XCConfigurationList;
			buildConfigurations = (
				FF9705B514FA88B70083413C /* Debug */,
				FF9705B614FA88B70083413C /* Release */,
			);
			defaultConfigurationIsVisible = 0;
			defaultConfigurationName = Release;
		};
		FF9705B714FA88B70083413C /* Build configuration list for PBXNativeTarget "cloudy-iOS" */ = {
			isa = XCConfigurationList;
			buildConfigurations = (
				FF9705B814FA88B70083413C /* Debug */,
				FF9705B914FA88B70083413C /* Release */,
			);
			defaultConfigurationIsVisible = 0;
			defaultConfigurationName = Release;
		};
		FF9705BA14FA88B70083413C /* Build configuration list for PBXNativeTarget "cloudy-iOS-Tests" */ = {
			isa = XCConfigurationList;
			buildConfigurations = (
				FF9705BB14FA88B70083413C /* Debug */,
				FF9705BC14FA88B70083413C /* Release */,
			);
			defaultConfigurationIsVisible = 0;
			defaultConfigurationName = Release;
		};
		FFF856C0152B7373001B3E92 /* Build configuration list for PBXNativeTarget "cloudy-OSX" */ = {
			isa = XCConfigurationList;
			buildConfigurations = (
				FFF856C1152B7373001B3E92 /* Debug */,
				FFF856C2152B7373001B3E92 /* Release */,
			);
			defaultConfigurationIsVisible = 0;
		};
		FFF856C3152B7373001B3E92 /* Build configuration list for PBXNativeTarget "cloudy-OSX-Tests" */ = {
			isa = XCConfigurationList;
			buildConfigurations = (
				FFF856C4152B7373001B3E92 /* Debug */,
				FFF856C5152B7373001B3E92 /* Release */,
			);
			defaultConfigurationIsVisible = 0;
		};
/* End XCConfigurationList section */

/* Begin XCVersionGroup section */
		FF6C27B91520E9FB0000371A /* CLModel.xcdatamodeld */ = {
			isa = XCVersionGroup;
			children = (
				FF6C27BA1520E9FB0000371A /* CLModel.xcdatamodel */,
			);
			currentVersion = FF6C27BA1520E9FB0000371A /* CLModel.xcdatamodel */;
			name = CLModel.xcdatamodeld;
			path = cloudy/CLModel.xcdatamodeld;
			sourceTree = "<group>";
			versionGroupType = wrapper.xcdatamodel;
		};
/* End XCVersionGroup section */
	};
	rootObject = FF97057B14FA88B60083413C /* Project object */;
}
